{
  "lockfileVersion": 1,
  "configVersion": 1,
  "workspaces": {
    "": {
      "name": "idcmd",
      "dependencies": {
        "preact": "^10.28.3",
        "preact-render-to-string": "^6.6.5",
        "shiki": "^3.22.0",
        "zod": "^3.24.0",
      },
      "devDependencies": {
        "@tailwindcss/cli": "^4.1.18",
        "@types/bun": "latest",
        "@typescript/native-preview": "latest",
        "concurrently": "^9.2.1",
        "lefthook": "^2.1.0",
        "oxfmt": "^0.28.0",
        "oxlint": "^1.43.0",
        "tailwindcss": "^4.1.18",
        "typescript": "^5",
        "ultracite": "7.1.4",
      },
      "peerDependencies": {
        "typescript": "^5",
      },
    },
  },
  "packages": {
    "@clack/core": ["@clack/core@1.0.0", "", { "dependencies": { "picocolors": "^1.0.0", "sisteransi": "^1.0.5" } }, "sha512-Orf9Ltr5NeiEuVJS8Rk2XTw3IxNC2Bic3ash7GgYeA8LJ/zmSNpSQ/m5UAhe03lA6KFgklzZ5KTHs4OAMA/SAQ=="],

    "@clack/prompts": ["@clack/prompts@1.0.0", "", { "dependencies": { "@clack/core": "1.0.0", "picocolors": "^1.0.0", "sisteransi": "^1.0.5" } }, "sha512-rWPXg9UaCFqErJVQ+MecOaWsozjaxol4yjnmYcGNipAWzdaWa2x+VJmKfGq7L0APwBohQOYdHC+9RO4qRXej+A=="],

    "@isaacs/balanced-match": ["@isaacs/balanced-match@4.0.1", "", {}, "sha512-yzMTt9lEb8Gv7zRioUilSglI0c0smZ9k5D65677DLWLtWJaXIS3CqcGyUFByYKlnUj6TkjLVs54fBl6+TiGQDQ=="],

    "@isaacs/brace-expansion": ["@isaacs/brace-expansion@5.0.1", "", { "dependencies": { "@isaacs/balanced-match": "^4.0.1" } }, "sha512-WMz71T1JS624nWj2n2fnYAuPovhv7EUhk69R6i9dsVyzxt5eM3bjwvgk9L+APE1TRscGysAVMANkB0jh0LQZrQ=="],

    "@jridgewell/gen-mapping": ["@jridgewell/gen-mapping@0.3.13", "", { "dependencies": { "@jridgewell/sourcemap-codec": "^1.5.0", "@jridgewell/trace-mapping": "^0.3.24" } }, "sha512-2kkt/7niJ6MgEPxF0bYdQ6etZaA+fQvDcLKckhy1yIQOzaoKjBBjSj63/aLVjYE3qhRt5dvM+uUyfCg6UKCBbA=="],

    "@jridgewell/remapping": ["@jridgewell/remapping@2.3.5", "", { "dependencies": { "@jridgewell/gen-mapping": "^0.3.5", "@jridgewell/trace-mapping": "^0.3.24" } }, "sha512-LI9u/+laYG4Ds1TDKSJW2YPrIlcVYOwi2fUC6xB43lueCjgxV4lffOCZCtYFiH6TNOX+tQKXx97T4IKHbhyHEQ=="],

    "@jridgewell/resolve-uri": ["@jridgewell/resolve-uri@3.1.2", "", {}, "sha512-bRISgCIjP20/tbWSPWMEi54QVPRZExkuD9lJL+UIxUKtwVJA8wW1Trb1jMs1RFXo1CBTNZ/5hpC9QvmKWdopKw=="],

    "@jridgewell/sourcemap-codec": ["@jridgewell/sourcemap-codec@1.5.5", "", {}, "sha512-cYQ9310grqxueWbl+WuIUIaiUaDcj7WOq5fVhEljNVgRfOUhY9fy2zTvfoqWsnebh8Sl70VScFbICvJnLKB0Og=="],

    "@jridgewell/trace-mapping": ["@jridgewell/trace-mapping@0.3.31", "", { "dependencies": { "@jridgewell/resolve-uri": "^3.1.0", "@jridgewell/sourcemap-codec": "^1.4.14" } }, "sha512-zzNR+SdQSDJzc8joaeP8QQoCQr8NuYx2dIIytl1QeBEZHJ9uW6hebsrYgbz8hJwUQao3TWCMtmfV8Nu1twOLAw=="],

    "@oxfmt/darwin-arm64": ["@oxfmt/darwin-arm64@0.28.0", "", { "os": "darwin", "cpu": "arm64" }, "sha512-jmUfF7cNJPw57bEK7sMIqrYRgn4LH428tSgtgLTCtjuGuu1ShREyrkeB7y8HtkXRfhBs4lVY+HMLhqElJvZ6ww=="],

    "@oxfmt/darwin-x64": ["@oxfmt/darwin-x64@0.28.0", "", { "os": "darwin", "cpu": "x64" }, "sha512-S6vlV8S7jbjzJOSjfVg2CimUC0r7/aHDLdUm/3+/B/SU/s1jV7ivqWkMv1/8EB43d1BBwT9JQ60ZMTkBqeXSFA=="],

    "@oxfmt/linux-arm64-gnu": ["@oxfmt/linux-arm64-gnu@0.28.0", "", { "os": "linux", "cpu": "arm64" }, "sha512-TfJkMZjePbLiskmxFXVAbGI/OZtD+y+fwS0wyW8O6DWG0ARTf0AipY9zGwGoOdpFuXOJceXvN4SHGLbYNDMY4Q=="],

    "@oxfmt/linux-arm64-musl": ["@oxfmt/linux-arm64-musl@0.28.0", "", { "os": "linux", "cpu": "arm64" }, "sha512-7fyQUdW203v4WWGr1T3jwTz4L7KX9y5DeATryQ6fLT6QQp9GEuct8/k0lYhd+ys42iTV/IkJF20e3YkfSOOILg=="],

    "@oxfmt/linux-x64-gnu": ["@oxfmt/linux-x64-gnu@0.28.0", "", { "os": "linux", "cpu": "x64" }, "sha512-sRKqAvEonuz0qr1X1ncUZceOBJerKzkO2gZIZmosvy/JmqyffpIFL3OE2tqacFkeDhrC+dNYQpusO8zsfHo3pw=="],

    "@oxfmt/linux-x64-musl": ["@oxfmt/linux-x64-musl@0.28.0", "", { "os": "linux", "cpu": "x64" }, "sha512-fW6czbXutX/tdQe8j4nSIgkUox9RXqjyxwyWXUDItpoDkoXllq17qbD7GVc0whrEhYQC6hFE1UEAcDypLJoSzw=="],

    "@oxfmt/win32-arm64": ["@oxfmt/win32-arm64@0.28.0", "", { "os": "win32", "cpu": "arm64" }, "sha512-D/HDeQBAQRjTbD9OLV6kRDcStrIfO+JsUODDCdGmhRfNX8LPCx95GpfyybpZfn3wVF8Jq/yjPXV1xLkQ+s7RcA=="],

    "@oxfmt/win32-x64": ["@oxfmt/win32-x64@0.28.0", "", { "os": "win32", "cpu": "x64" }, "sha512-4+S2j4OxOIyo8dz5osm5dZuL0yVmxXvtmNdHB5xyGwAWVvyWNvf7tCaQD7w2fdSsAXQLOvK7KFQrHFe33nJUCA=="],

    "@oxlint/darwin-arm64": ["@oxlint/darwin-arm64@1.43.0", "", { "os": "darwin", "cpu": "arm64" }, "sha512-C/GhObv/pQZg34NOzB6Mk8x0wc9AKj8fXzJF8ZRKTsBPyHusC6AZ6bba0QG0TUufw1KWuD0j++oebQfWeiFXNw=="],

    "@oxlint/darwin-x64": ["@oxlint/darwin-x64@1.43.0", "", { "os": "darwin", "cpu": "x64" }, "sha512-4NjfUtEEH8ewRQ2KlZGmm6DyrvypMdHwBnQT92vD0dLScNOQzr0V9O8Ua4IWXdeCNl/XMVhAV3h4/3YEYern5A=="],

    "@oxlint/linux-arm64-gnu": ["@oxlint/linux-arm64-gnu@1.43.0", "", { "os": "linux", "cpu": "arm64" }, "sha512-75tf1HvwdZ3ebk83yMbSB+moAEWK98mYqpXiaFAi6Zshie7r+Cx5PLXZFUEqkscenoZ+fcNXakHxfn94V6nf1g=="],

    "@oxlint/linux-arm64-musl": ["@oxlint/linux-arm64-musl@1.43.0", "", { "os": "linux", "cpu": "arm64" }, "sha512-BHV4fb36T2p/7bpA9fiJ5ayt7oJbiYX10nklW5arYp4l9/9yG/FQC5J4G1evzbJ/YbipF9UH0vYBAm5xbqGrvw=="],

    "@oxlint/linux-x64-gnu": ["@oxlint/linux-x64-gnu@1.43.0", "", { "os": "linux", "cpu": "x64" }, "sha512-1l3nvnzWWse1YHibzZ4HQXdF/ibfbKZhp9IguElni3bBqEyPEyurzZ0ikWynDxKGXqZa+UNXTFuU1NRVX1RJ3g=="],

    "@oxlint/linux-x64-musl": ["@oxlint/linux-x64-musl@1.43.0", "", { "os": "linux", "cpu": "x64" }, "sha512-+jNYgLGRFTJxJuaSOZJBwlYo5M0TWRw0+3y5MHOL4ArrIdHyCthg6r4RbVWrsR1qUfUE1VSSHQ2bfbC99RXqMg=="],

    "@oxlint/win32-arm64": ["@oxlint/win32-arm64@1.43.0", "", { "os": "win32", "cpu": "arm64" }, "sha512-dvs1C/HCjCyGTURMagiHprsOvVTT3omDiSzi5Qw0D4QFJ1pEaNlfBhVnOUYgUfS6O7Mcmj4+G+sidRsQcWQ/kA=="],

    "@oxlint/win32-x64": ["@oxlint/win32-x64@1.43.0", "", { "os": "win32", "cpu": "x64" }, "sha512-bSuItSU8mTSDsvmmLTepTdCL2FkJI6dwt9tot/k0EmiYF+ArRzmsl4lXVLssJNRV5lJEc5IViyTrh7oiwrjUqA=="],

    "@parcel/watcher": ["@parcel/watcher@2.5.6", "", { "dependencies": { "detect-libc": "^2.0.3", "is-glob": "^4.0.3", "node-addon-api": "^7.0.0", "picomatch": "^4.0.3" }, "optionalDependencies": { "@parcel/watcher-android-arm64": "2.5.6", "@parcel/watcher-darwin-arm64": "2.5.6", "@parcel/watcher-darwin-x64": "2.5.6", "@parcel/watcher-freebsd-x64": "2.5.6", "@parcel/watcher-linux-arm-glibc": "2.5.6", "@parcel/watcher-linux-arm-musl": "2.5.6", "@parcel/watcher-linux-arm64-glibc": "2.5.6", "@parcel/watcher-linux-arm64-musl": "2.5.6", "@parcel/watcher-linux-x64-glibc": "2.5.6", "@parcel/watcher-linux-x64-musl": "2.5.6", "@parcel/watcher-win32-arm64": "2.5.6", "@parcel/watcher-win32-ia32": "2.5.6", "@parcel/watcher-win32-x64": "2.5.6" } }, "sha512-tmmZ3lQxAe/k/+rNnXQRawJ4NjxO2hqiOLTHvWchtGZULp4RyFeh6aU4XdOYBFe2KE1oShQTv4AblOs2iOrNnQ=="],

    "@parcel/watcher-android-arm64": ["@parcel/watcher-android-arm64@2.5.6", "", { "os": "android", "cpu": "arm64" }, "sha512-YQxSS34tPF/6ZG7r/Ih9xy+kP/WwediEUsqmtf0cuCV5TPPKw/PQHRhueUo6JdeFJaqV3pyjm0GdYjZotbRt/A=="],

    "@parcel/watcher-darwin-arm64": ["@parcel/watcher-darwin-arm64@2.5.6", "", { "os": "darwin", "cpu": "arm64" }, "sha512-Z2ZdrnwyXvvvdtRHLmM4knydIdU9adO3D4n/0cVipF3rRiwP+3/sfzpAwA/qKFL6i1ModaabkU7IbpeMBgiVEA=="],

    "@parcel/watcher-darwin-x64": ["@parcel/watcher-darwin-x64@2.5.6", "", { "os": "darwin", "cpu": "x64" }, "sha512-HgvOf3W9dhithcwOWX9uDZyn1lW9R+7tPZ4sug+NGrGIo4Rk1hAXLEbcH1TQSqxts0NYXXlOWqVpvS1SFS4fRg=="],

    "@parcel/watcher-freebsd-x64": ["@parcel/watcher-freebsd-x64@2.5.6", "", { "os": "freebsd", "cpu": "x64" }, "sha512-vJVi8yd/qzJxEKHkeemh7w3YAn6RJCtYlE4HPMoVnCpIXEzSrxErBW5SJBgKLbXU3WdIpkjBTeUNtyBVn8TRng=="],

    "@parcel/watcher-linux-arm-glibc": ["@parcel/watcher-linux-arm-glibc@2.5.6", "", { "os": "linux", "cpu": "arm" }, "sha512-9JiYfB6h6BgV50CCfasfLf/uvOcJskMSwcdH1PHH9rvS1IrNy8zad6IUVPVUfmXr+u+Km9IxcfMLzgdOudz9EQ=="],

    "@parcel/watcher-linux-arm-musl": ["@parcel/watcher-linux-arm-musl@2.5.6", "", { "os": "linux", "cpu": "arm" }, "sha512-Ve3gUCG57nuUUSyjBq/MAM0CzArtuIOxsBdQ+ftz6ho8n7s1i9E1Nmk/xmP323r2YL0SONs1EuwqBp2u1k5fxg=="],

    "@parcel/watcher-linux-arm64-glibc": ["@parcel/watcher-linux-arm64-glibc@2.5.6", "", { "os": "linux", "cpu": "arm64" }, "sha512-f2g/DT3NhGPdBmMWYoxixqYr3v/UXcmLOYy16Bx0TM20Tchduwr4EaCbmxh1321TABqPGDpS8D/ggOTaljijOA=="],

    "@parcel/watcher-linux-arm64-musl": ["@parcel/watcher-linux-arm64-musl@2.5.6", "", { "os": "linux", "cpu": "arm64" }, "sha512-qb6naMDGlbCwdhLj6hgoVKJl2odL34z2sqkC7Z6kzir8b5W65WYDpLB6R06KabvZdgoHI/zxke4b3zR0wAbDTA=="],

    "@parcel/watcher-linux-x64-glibc": ["@parcel/watcher-linux-x64-glibc@2.5.6", "", { "os": "linux", "cpu": "x64" }, "sha512-kbT5wvNQlx7NaGjzPFu8nVIW1rWqV780O7ZtkjuWaPUgpv2NMFpjYERVi0UYj1msZNyCzGlaCWEtzc+exjMGbQ=="],

    "@parcel/watcher-linux-x64-musl": ["@parcel/watcher-linux-x64-musl@2.5.6", "", { "os": "linux", "cpu": "x64" }, "sha512-1JRFeC+h7RdXwldHzTsmdtYR/Ku8SylLgTU/reMuqdVD7CtLwf0VR1FqeprZ0eHQkO0vqsbvFLXUmYm/uNKJBg=="],

    "@parcel/watcher-win32-arm64": ["@parcel/watcher-win32-arm64@2.5.6", "", { "os": "win32", "cpu": "arm64" }, "sha512-3ukyebjc6eGlw9yRt678DxVF7rjXatWiHvTXqphZLvo7aC5NdEgFufVwjFfY51ijYEWpXbqF5jtrK275z52D4Q=="],

    "@parcel/watcher-win32-ia32": ["@parcel/watcher-win32-ia32@2.5.6", "", { "os": "win32", "cpu": "ia32" }, "sha512-k35yLp1ZMwwee3Ez/pxBi5cf4AoBKYXj00CZ80jUz5h8prpiaQsiRPKQMxoLstNuqe2vR4RNPEAEcjEFzhEz/g=="],

    "@parcel/watcher-win32-x64": ["@parcel/watcher-win32-x64@2.5.6", "", { "os": "win32", "cpu": "x64" }, "sha512-hbQlYcCq5dlAX9Qx+kFb0FHue6vbjlf0FrNzSKdYK2APUf7tGfGxQCk2ihEREmbR6ZMc0MVAD5RIX/41gpUzTw=="],

    "@shikijs/core": ["@shikijs/core@3.22.0", "", { "dependencies": { "@shikijs/types": "3.22.0", "@shikijs/vscode-textmate": "^10.0.2", "@types/hast": "^3.0.4", "hast-util-to-html": "^9.0.5" } }, "sha512-iAlTtSDDbJiRpvgL5ugKEATDtHdUVkqgHDm/gbD2ZS9c88mx7G1zSYjjOxp5Qa0eaW0MAQosFRmJSk354PRoQA=="],

    "@shikijs/engine-javascript": ["@shikijs/engine-javascript@3.22.0", "", { "dependencies": { "@shikijs/types": "3.22.0", "@shikijs/vscode-textmate": "^10.0.2", "oniguruma-to-es": "^4.3.4" } }, "sha512-jdKhfgW9CRtj3Tor0L7+yPwdG3CgP7W+ZEqSsojrMzCjD1e0IxIbwUMDDpYlVBlC08TACg4puwFGkZfLS+56Tw=="],

    "@shikijs/engine-oniguruma": ["@shikijs/engine-oniguruma@3.22.0", "", { "dependencies": { "@shikijs/types": "3.22.0", "@shikijs/vscode-textmate": "^10.0.2" } }, "sha512-DyXsOG0vGtNtl7ygvabHd7Mt5EY8gCNqR9Y7Lpbbd/PbJvgWrqaKzH1JW6H6qFkuUa8aCxoiYVv8/YfFljiQxA=="],

    "@shikijs/langs": ["@shikijs/langs@3.22.0", "", { "dependencies": { "@shikijs/types": "3.22.0" } }, "sha512-x/42TfhWmp6H00T6uwVrdTJGKgNdFbrEdhaDwSR5fd5zhQ1Q46bHq9EO61SCEWJR0HY7z2HNDMaBZp8JRmKiIA=="],

    "@shikijs/themes": ["@shikijs/themes@3.22.0", "", { "dependencies": { "@shikijs/types": "3.22.0" } }, "sha512-o+tlOKqsr6FE4+mYJG08tfCFDS+3CG20HbldXeVoyP+cYSUxDhrFf3GPjE60U55iOkkjbpY2uC3It/eeja35/g=="],

    "@shikijs/types": ["@shikijs/types@3.22.0", "", { "dependencies": { "@shikijs/vscode-textmate": "^10.0.2", "@types/hast": "^3.0.4" } }, "sha512-491iAekgKDBFE67z70Ok5a8KBMsQ2IJwOWw3us/7ffQkIBCyOQfm/aNwVMBUriP02QshIfgHCBSIYAl3u2eWjg=="],

    "@shikijs/vscode-textmate": ["@shikijs/vscode-textmate@10.0.2", "", {}, "sha512-83yeghZ2xxin3Nj8z1NMd/NCuca+gsYXswywDy5bHvwlWL8tpTQmzGeUuHd9FC3E/SBEMvzJRwWEOz5gGes9Qg=="],

    "@tailwindcss/cli": ["@tailwindcss/cli@4.1.18", "", { "dependencies": { "@parcel/watcher": "^2.5.1", "@tailwindcss/node": "4.1.18", "@tailwindcss/oxide": "4.1.18", "enhanced-resolve": "^5.18.3", "mri": "^1.2.0", "picocolors": "^1.1.1", "tailwindcss": "4.1.18" }, "bin": { "tailwindcss": "dist/index.mjs" } }, "sha512-sMZ+lZbDyxwjD2E0L7oRUjJ01Ffjtme5OtjvvnC+cV4CEDcbqzbp25TCpxHj6kWLU9+DlqJOiNgSOgctC2aZmg=="],

    "@tailwindcss/node": ["@tailwindcss/node@4.1.18", "", { "dependencies": { "@jridgewell/remapping": "^2.3.4", "enhanced-resolve": "^5.18.3", "jiti": "^2.6.1", "lightningcss": "1.30.2", "magic-string": "^0.30.21", "source-map-js": "^1.2.1", "tailwindcss": "4.1.18" } }, "sha512-DoR7U1P7iYhw16qJ49fgXUlry1t4CpXeErJHnQ44JgTSKMaZUdf17cfn5mHchfJ4KRBZRFA/Coo+MUF5+gOaCQ=="],

    "@tailwindcss/oxide": ["@tailwindcss/oxide@4.1.18", "", { "optionalDependencies": { "@tailwindcss/oxide-android-arm64": "4.1.18", "@tailwindcss/oxide-darwin-arm64": "4.1.18", "@tailwindcss/oxide-darwin-x64": "4.1.18", "@tailwindcss/oxide-freebsd-x64": "4.1.18", "@tailwindcss/oxide-linux-arm-gnueabihf": "4.1.18", "@tailwindcss/oxide-linux-arm64-gnu": "4.1.18", "@tailwindcss/oxide-linux-arm64-musl": "4.1.18", "@tailwindcss/oxide-linux-x64-gnu": "4.1.18", "@tailwindcss/oxide-linux-x64-musl": "4.1.18", "@tailwindcss/oxide-wasm32-wasi": "4.1.18", "@tailwindcss/oxide-win32-arm64-msvc": "4.1.18", "@tailwindcss/oxide-win32-x64-msvc": "4.1.18" } }, "sha512-EgCR5tTS5bUSKQgzeMClT6iCY3ToqE1y+ZB0AKldj809QXk1Y+3jB0upOYZrn9aGIzPtUsP7sX4QQ4XtjBB95A=="],

    "@tailwindcss/oxide-android-arm64": ["@tailwindcss/oxide-android-arm64@4.1.18", "", { "os": "android", "cpu": "arm64" }, "sha512-dJHz7+Ugr9U/diKJA0W6N/6/cjI+ZTAoxPf9Iz9BFRF2GzEX8IvXxFIi/dZBloVJX/MZGvRuFA9rqwdiIEZQ0Q=="],

    "@tailwindcss/oxide-darwin-arm64": ["@tailwindcss/oxide-darwin-arm64@4.1.18", "", { "os": "darwin", "cpu": "arm64" }, "sha512-Gc2q4Qhs660bhjyBSKgq6BYvwDz4G+BuyJ5H1xfhmDR3D8HnHCmT/BSkvSL0vQLy/nkMLY20PQ2OoYMO15Jd0A=="],

    "@tailwindcss/oxide-darwin-x64": ["@tailwindcss/oxide-darwin-x64@4.1.18", "", { "os": "darwin", "cpu": "x64" }, "sha512-FL5oxr2xQsFrc3X9o1fjHKBYBMD1QZNyc1Xzw/h5Qu4XnEBi3dZn96HcHm41c/euGV+GRiXFfh2hUCyKi/e+yw=="],

    "@tailwindcss/oxide-freebsd-x64": ["@tailwindcss/oxide-freebsd-x64@4.1.18", "", { "os": "freebsd", "cpu": "x64" }, "sha512-Fj+RHgu5bDodmV1dM9yAxlfJwkkWvLiRjbhuO2LEtwtlYlBgiAT4x/j5wQr1tC3SANAgD+0YcmWVrj8R9trVMA=="],

    "@tailwindcss/oxide-linux-arm-gnueabihf": ["@tailwindcss/oxide-linux-arm-gnueabihf@4.1.18", "", { "os": "linux", "cpu": "arm" }, "sha512-Fp+Wzk/Ws4dZn+LV2Nqx3IilnhH51YZoRaYHQsVq3RQvEl+71VGKFpkfHrLM/Li+kt5c0DJe/bHXK1eHgDmdiA=="],

    "@tailwindcss/oxide-linux-arm64-gnu": ["@tailwindcss/oxide-linux-arm64-gnu@4.1.18", "", { "os": "linux", "cpu": "arm64" }, "sha512-S0n3jboLysNbh55Vrt7pk9wgpyTTPD0fdQeh7wQfMqLPM/Hrxi+dVsLsPrycQjGKEQk85Kgbx+6+QnYNiHalnw=="],

    "@tailwindcss/oxide-linux-arm64-musl": ["@tailwindcss/oxide-linux-arm64-musl@4.1.18", "", { "os": "linux", "cpu": "arm64" }, "sha512-1px92582HkPQlaaCkdRcio71p8bc8i/ap5807tPRDK/uw953cauQBT8c5tVGkOwrHMfc2Yh6UuxaH4vtTjGvHg=="],

    "@tailwindcss/oxide-linux-x64-gnu": ["@tailwindcss/oxide-linux-x64-gnu@4.1.18", "", { "os": "linux", "cpu": "x64" }, "sha512-v3gyT0ivkfBLoZGF9LyHmts0Isc8jHZyVcbzio6Wpzifg/+5ZJpDiRiUhDLkcr7f/r38SWNe7ucxmGW3j3Kb/g=="],

    "@tailwindcss/oxide-linux-x64-musl": ["@tailwindcss/oxide-linux-x64-musl@4.1.18", "", { "os": "linux", "cpu": "x64" }, "sha512-bhJ2y2OQNlcRwwgOAGMY0xTFStt4/wyU6pvI6LSuZpRgKQwxTec0/3Scu91O8ir7qCR3AuepQKLU/kX99FouqQ=="],

    "@tailwindcss/oxide-wasm32-wasi": ["@tailwindcss/oxide-wasm32-wasi@4.1.18", "", { "dependencies": { "@emnapi/core": "^1.7.1", "@emnapi/runtime": "^1.7.1", "@emnapi/wasi-threads": "^1.1.0", "@napi-rs/wasm-runtime": "^1.1.0", "@tybys/wasm-util": "^0.10.1", "tslib": "^2.4.0" }, "cpu": "none" }, "sha512-LffYTvPjODiP6PT16oNeUQJzNVyJl1cjIebq/rWWBF+3eDst5JGEFSc5cWxyRCJ0Mxl+KyIkqRxk1XPEs9x8TA=="],

    "@tailwindcss/oxide-win32-arm64-msvc": ["@tailwindcss/oxide-win32-arm64-msvc@4.1.18", "", { "os": "win32", "cpu": "arm64" }, "sha512-HjSA7mr9HmC8fu6bdsZvZ+dhjyGCLdotjVOgLA2vEqxEBZaQo9YTX4kwgEvPCpRh8o4uWc4J/wEoFzhEmjvPbA=="],

    "@tailwindcss/oxide-win32-x64-msvc": ["@tailwindcss/oxide-win32-x64-msvc@4.1.18", "", { "os": "win32", "cpu": "x64" }, "sha512-bJWbyYpUlqamC8dpR7pfjA0I7vdF6t5VpUGMWRkXVE3AXgIZjYUYAK7II1GNaxR8J1SSrSrppRar8G++JekE3Q=="],

    "@types/bun": ["@types/bun@1.3.8", "", { "dependencies": { "bun-types": "1.3.8" } }, "sha512-3LvWJ2q5GerAXYxO2mffLTqOzEu5qnhEAlh48Vnu8WQfnmSwbgagjGZV6BoHKJztENYEDn6QmVd949W4uESRJA=="],

    "@types/hast": ["@types/hast@3.0.4", "", { "dependencies": { "@types/unist": "*" } }, "sha512-WPs+bbQw5aCj+x6laNGWLH3wviHtoCv/P3+otBhbOhJgG8qtpdAMlTCxLtsTWA7LH1Oh/bFCHsBn0TPS5m30EQ=="],

    "@types/mdast": ["@types/mdast@4.0.4", "", { "dependencies": { "@types/unist": "*" } }, "sha512-kGaNbPh1k7AFzgpud/gMdvIm5xuECykRR+JnWKQno9TAXVa6WIVCGTPvYGekIDL4uwCZQSYbUxNBSb1aUo79oA=="],

    "@types/node": ["@types/node@25.2.0", "", { "dependencies": { "undici-types": "~7.16.0" } }, "sha512-DZ8VwRFUNzuqJ5khrvwMXHmvPe+zGayJhr2CDNiKB1WBE1ST8Djl00D0IC4vvNmHMdj6DlbYRIaFE7WHjlDl5w=="],

    "@types/unist": ["@types/unist@3.0.3", "", {}, "sha512-ko/gIFJRv177XgZsZcBwnqJN5x/Gien8qNOn0D5bQU/zAzVf9Zt3BlcUiLqhV9y4ARk0GbT3tnUiPNgnTXzc/Q=="],

    "@typescript/native-preview": ["@typescript/native-preview@7.0.0-dev.20260203.1", "", { "optionalDependencies": { "@typescript/native-preview-darwin-arm64": "7.0.0-dev.20260203.1", "@typescript/native-preview-darwin-x64": "7.0.0-dev.20260203.1", "@typescript/native-preview-linux-arm": "7.0.0-dev.20260203.1", "@typescript/native-preview-linux-arm64": "7.0.0-dev.20260203.1", "@typescript/native-preview-linux-x64": "7.0.0-dev.20260203.1", "@typescript/native-preview-win32-arm64": "7.0.0-dev.20260203.1", "@typescript/native-preview-win32-x64": "7.0.0-dev.20260203.1" }, "bin": { "tsgo": "bin/tsgo.js" } }, "sha512-8XwI9TS/idoFXAM8fVjBS4QmRzBr/AE3dQiMdhgwW+49tcGJeiU6MOwTHYyp8MhlFFx/1kiNwwdPoUnp3cS5vQ=="],

    "@typescript/native-preview-darwin-arm64": ["@typescript/native-preview-darwin-arm64@7.0.0-dev.20260203.1", "", { "os": "darwin", "cpu": "arm64" }, "sha512-0se1eibJ4rJ3JXD1WlNF3JL3GWjUeZ9fmDJyUkpP0974cFApblKhqsYubT+kDWrWExh4IXctzjRpkWfJi2srow=="],

    "@typescript/native-preview-darwin-x64": ["@typescript/native-preview-darwin-x64@7.0.0-dev.20260203.1", "", { "os": "darwin", "cpu": "x64" }, "sha512-mMO5QBKSeVFWKvCu5+G9mbh5EmYqnCZb0g7s9HAUGAtOdjeGBVrvJTXLnahMbVB2KLU3ApUQCZQOoumZQ5z0Qw=="],

    "@typescript/native-preview-linux-arm": ["@typescript/native-preview-linux-arm@7.0.0-dev.20260203.1", "", { "os": "linux", "cpu": "arm" }, "sha512-74Q4nr9zOWlWqNJ726BrujFpeqNVuNo09GUaIHtV3TatVf6qGcQtWJLD4xdsZXt1n1YwneTiBHqfXwU7h6Z26g=="],

    "@typescript/native-preview-linux-arm64": ["@typescript/native-preview-linux-arm64@7.0.0-dev.20260203.1", "", { "os": "linux", "cpu": "arm64" }, "sha512-Vl3f5LKFAXrgb7TTag8sG7Np9imyt1QsiRN5O9yl/aoqZpopdmMSBTUFuOzQFLD9ive/0cTsRIKt32gWT4zvew=="],

    "@typescript/native-preview-linux-x64": ["@typescript/native-preview-linux-x64@7.0.0-dev.20260203.1", "", { "os": "linux", "cpu": "x64" }, "sha512-HGNXkZ10rs88It98rfGhvCwG9RKLm2TVjfYOnKzYq0xKrfvG9exvpojio5n5OxXaSvTumTjRbWbRYY+qwpSCag=="],

    "@typescript/native-preview-win32-arm64": ["@typescript/native-preview-win32-arm64@7.0.0-dev.20260203.1", "", { "os": "win32", "cpu": "arm64" }, "sha512-GkuRbW13iq2lRijkHnTWzrM/LThrr6KG0IXewdXd//E0DXcVvlg7ommgxPC29cf18X6T3vul1owjNmjVwp8siA=="],

    "@typescript/native-preview-win32-x64": ["@typescript/native-preview-win32-x64@7.0.0-dev.20260203.1", "", { "os": "win32", "cpu": "x64" }, "sha512-O+OsC8DOEnoKWWlWrPOnULh0kSvQ8DiWWfFMVIDmoWfCIi2cDLZKKE1WfCXSLi6L76H9f1zXJEvNqW58tEG/vQ=="],

    "@ungap/structured-clone": ["@ungap/structured-clone@1.3.0", "", {}, "sha512-WmoN8qaIAo7WTYWbAZuG8PYEhn5fkz7dZrqTBZ7dtt//lL2Gwms1IcnQ5yHqjDfX8Ft5j4YzDM23f87zBfDe9g=="],

    "ansi-regex": ["ansi-regex@5.0.1", "", {}, "sha512-quJQXlTSUGL2LH9SUXo8VwsY4soanhgo6LNSm84E1LBcE8s3O0wpdiRzyR9z/ZZJMlMWv37qOOb9pdJlMUEKFQ=="],

    "ansi-styles": ["ansi-styles@4.3.0", "", { "dependencies": { "color-convert": "^2.0.1" } }, "sha512-zbB9rCJAT1rbjiVDb2hqKFHNYLxgtk8NURxZ3IZwD3F6NtxbXZQCnnSi1Lkx+IDohdPlFp222wVALIheZJQSEg=="],

    "bun-types": ["bun-types@1.3.8", "", { "dependencies": { "@types/node": "*" } }, "sha512-fL99nxdOWvV4LqjmC+8Q9kW3M4QTtTR1eePs94v5ctGqU8OeceWrSUaRw3JYb7tU3FkMIAjkueehrHPPPGKi5Q=="],

    "ccount": ["ccount@2.0.1", "", {}, "sha512-eyrF0jiFpY+3drT6383f1qhkbGsLSifNAjA61IUjZjmLCWjItY6LB9ft9YhoDgwfmclB2zhu51Lc7+95b8NRAg=="],

    "chalk": ["chalk@4.1.2", "", { "dependencies": { "ansi-styles": "^4.1.0", "supports-color": "^7.1.0" } }, "sha512-oKnbhFyRIXpUuez8iBMmyEa4nbj4IOQyuhc/wy9kY7/WVPcwIO9VA668Pu8RkO7+0G76SLROeyw9CpQ061i4mA=="],

    "character-entities-html4": ["character-entities-html4@2.1.0", "", {}, "sha512-1v7fgQRj6hnSwFpq1Eu0ynr/CDEw0rXo2B61qXrLNdHZmPKgb7fqS1a2JwF0rISo9q77jDI8VMEHoApn8qDoZA=="],

    "character-entities-legacy": ["character-entities-legacy@3.0.0", "", {}, "sha512-RpPp0asT/6ufRm//AJVwpViZbGM/MkjQFxJccQRHmISF/22NBtsHqAWmL+/pmkPWoIUJdWyeVleTl1wydHATVQ=="],

    "citty": ["citty@0.2.0", "", {}, "sha512-8csy5IBFI2ex2hTVpaHN2j+LNE199AgiI7y4dMintrr8i0lQiFn+0AWMZrWdHKIgMOer65f8IThysYhoReqjWA=="],

    "cliui": ["cliui@8.0.1", "", { "dependencies": { "string-width": "^4.2.0", "strip-ansi": "^6.0.1", "wrap-ansi": "^7.0.0" } }, "sha512-BSeNnyus75C4//NQ9gQt1/csTXyo/8Sb+afLAkzAptFuMsod9HFokGNudZpi/oQV73hnVK+sR+5PVRMd+Dr7YQ=="],

    "color-convert": ["color-convert@2.0.1", "", { "dependencies": { "color-name": "~1.1.4" } }, "sha512-RRECPsj7iu/xb5oKYcsFHSppFNnsj/52OVTRKb4zP5onXwVF3zVmmToNcOfGC+CRDpfK/U584fMg38ZHCaElKQ=="],

    "color-name": ["color-name@1.1.4", "", {}, "sha512-dOy+3AuW3a2wNbZHIuMZpTcgjGuLU/uBL/ubcZF9OXbDo8ff4O8yVp5Bf0efS8uEoYo5q4Fx7dY9OgQGXgAsQA=="],

    "comma-separated-tokens": ["comma-separated-tokens@2.0.3", "", {}, "sha512-Fu4hJdvzeylCfQPp9SGWidpzrMs7tTrlu6Vb8XGaRGck8QSNZJJp538Wrb60Lax4fPwR64ViY468OIUTbRlGZg=="],

    "commander": ["commander@14.0.3", "", {}, "sha512-H+y0Jo/T1RZ9qPP4Eh1pkcQcLRglraJaSLoyOtHxu6AapkjWVCy2Sit1QQ4x3Dng8qDlSsZEet7g5Pq06MvTgw=="],

    "concurrently": ["concurrently@9.2.1", "", { "dependencies": { "chalk": "4.1.2", "rxjs": "7.8.2", "shell-quote": "1.8.3", "supports-color": "8.1.1", "tree-kill": "1.2.2", "yargs": "17.7.2" }, "bin": { "conc": "dist/bin/concurrently.js", "concurrently": "dist/bin/concurrently.js" } }, "sha512-fsfrO0MxV64Znoy8/l1vVIjjHa29SZyyqPgQBwhiDcaW8wJc2W3XWVOGx4M3oJBnv/zdUZIIp1gDeS98GzP8Ng=="],

    "deepmerge": ["deepmerge@4.3.1", "", {}, "sha512-3sUqbMEc77XqpdNO7FRyRog+eW3ph+GYCbj+rK+uYyRMuwsVy0rMiVtPn+QJlKFvWP/1PYpapqYn0Me2knFn+A=="],

    "dequal": ["dequal@2.0.3", "", {}, "sha512-0je+qPKHEMohvfRTCEo3CrPG6cAzAYgmzKyxRiYSSDkS6eGJdyVJm7WaYA5ECaAD9wLB2T4EEeymA5aFVcYXCA=="],

    "detect-libc": ["detect-libc@2.1.2", "", {}, "sha512-Btj2BOOO83o3WyH59e8MgXsxEQVcarkUOpEYrubB0urwnN10yQ364rsiByU11nZlqWYZm05i/of7io4mzihBtQ=="],

    "devlop": ["devlop@1.1.0", "", { "dependencies": { "dequal": "^2.0.0" } }, "sha512-RWmIqhcFf1lRYBvNmr7qTNuyCt/7/ns2jbpp1+PalgE/rDQcBT0fioSMUpJ93irlUhC5hrg4cYqe6U+0ImW0rA=="],

    "emoji-regex": ["emoji-regex@8.0.0", "", {}, "sha512-MSjYzcWNOA0ewAHpz0MxpYFvwg6yjy1NG3xteoqz644VCo/RPgnr1/GGt+ic3iJTzQ8Eu3TdM14SawnVUmGE6A=="],

    "enhanced-resolve": ["enhanced-resolve@5.18.4", "", { "dependencies": { "graceful-fs": "^4.2.4", "tapable": "^2.2.0" } }, "sha512-LgQMM4WXU3QI+SYgEc2liRgznaD5ojbmY3sb8LxyguVkIg5FxdpTkvk72te2R38/TGKxH634oLxXRGY6d7AP+Q=="],

    "escalade": ["escalade@3.2.0", "", {}, "sha512-WUj2qlxaQtO4g6Pq5c29GTcWGDyd8itL8zTlipgECz3JesAiiOKotd8JU6otB3PACgG6xkJUyVhboMS+bje/jA=="],

    "get-caller-file": ["get-caller-file@2.0.5", "", {}, "sha512-DyFP3BM/3YHTQOCUL/w0OZHR0lpKeGrxotcHWcqNEdnltqFwXVfhEBQ94eIo34AfQpo0rGki4cyIiftY06h2Fg=="],

    "glob": ["glob@13.0.1", "", { "dependencies": { "minimatch": "^10.1.2", "minipass": "^7.1.2", "path-scurry": "^2.0.0" } }, "sha512-B7U/vJpE3DkJ5WXTgTpTRN63uV42DseiXXKMwG14LQBXmsdeIoHAPbU/MEo6II0k5ED74uc2ZGTC6MwHFQhF6w=="],

    "graceful-fs": ["graceful-fs@4.2.11", "", {}, "sha512-RbJ5/jmFcNNCcDV5o9eTnBLJ/HszWV0P73bc+Ff4nS/rJj+YaS6IGyiOL0VoBYX+l1Wrl3k63h/KrH+nhJ0XvQ=="],

    "has-flag": ["has-flag@4.0.0", "", {}, "sha512-EykJT/Q1KjTWctppgIAgfSO0tKVuZUjhgMr17kqTumMl6Afv3EISleU7qZUzoXDFTAHTDC4NOoG/ZxU3EvlMPQ=="],

    "hast-util-to-html": ["hast-util-to-html@9.0.5", "", { "dependencies": { "@types/hast": "^3.0.0", "@types/unist": "^3.0.0", "ccount": "^2.0.0", "comma-separated-tokens": "^2.0.0", "hast-util-whitespace": "^3.0.0", "html-void-elements": "^3.0.0", "mdast-util-to-hast": "^13.0.0", "property-information": "^7.0.0", "space-separated-tokens": "^2.0.0", "stringify-entities": "^4.0.0", "zwitch": "^2.0.4" } }, "sha512-OguPdidb+fbHQSU4Q4ZiLKnzWo8Wwsf5bZfbvu7//a9oTYoqD/fWpe96NuHkoS9h0ccGOTe0C4NGXdtS0iObOw=="],

    "hast-util-whitespace": ["hast-util-whitespace@3.0.0", "", { "dependencies": { "@types/hast": "^3.0.0" } }, "sha512-88JUN06ipLwsnv+dVn+OIYOvAuvBMy/Qoi6O7mQHxdPXpjy+Cd6xRkWwux7DKO+4sYILtLBRIKgsdpS2gQc7qw=="],

    "html-void-elements": ["html-void-elements@3.0.0", "", {}, "sha512-bEqo66MRXsUGxWHV5IP0PUiAWwoEjba4VCzg0LjFJBpchPaTfyfCKTG6bc5F8ucKec3q5y6qOdGyYTSBEvhCrg=="],

    "is-extglob": ["is-extglob@2.1.1", "", {}, "sha512-SbKbANkN603Vi4jEZv49LeVJMn4yGwsbzZworEoyEiutsN3nJYdbO36zfhGJ6QEDpOZIFkDtnq5JRxmvl3jsoQ=="],

    "is-fullwidth-code-point": ["is-fullwidth-code-point@3.0.0", "", {}, "sha512-zymm5+u+sCsSWyD9qNaejV3DFvhCKclKdizYaJUuHA83RLjb7nSuGnddCHGv0hk+KY7BMAlsWeK4Ueg6EV6XQg=="],

    "is-glob": ["is-glob@4.0.3", "", { "dependencies": { "is-extglob": "^2.1.1" } }, "sha512-xelSayHH36ZgE7ZWhli7pW34hNbNl8Ojv5KVmkJD4hBdD3th8Tfk9vYasLM+mXWOZhFkgZfxhLSnrwRr4elSSg=="],

    "jiti": ["jiti@2.6.1", "", { "bin": { "jiti": "lib/jiti-cli.mjs" } }, "sha512-ekilCSN1jwRvIbgeg/57YFh8qQDNbwDb9xT/qu2DAHbFFZUicIl4ygVaAvzveMhMVr3LnpSKTNnwt8PoOfmKhQ=="],

    "jsonc-parser": ["jsonc-parser@3.3.1", "", {}, "sha512-HUgH65KyejrUFPvHFPbqOY0rsFip3Bo5wb4ngvdi1EpCYWUQDC5V+Y7mZws+DLkr4M//zQJoanu1SP+87Dv1oQ=="],

    "lefthook": ["lefthook@2.1.0", "", { "optionalDependencies": { "lefthook-darwin-arm64": "2.1.0", "lefthook-darwin-x64": "2.1.0", "lefthook-freebsd-arm64": "2.1.0", "lefthook-freebsd-x64": "2.1.0", "lefthook-linux-arm64": "2.1.0", "lefthook-linux-x64": "2.1.0", "lefthook-openbsd-arm64": "2.1.0", "lefthook-openbsd-x64": "2.1.0", "lefthook-windows-arm64": "2.1.0", "lefthook-windows-x64": "2.1.0" }, "bin": { "lefthook": "bin/index.js" } }, "sha512-+vS+yywGQW6CN1J1hbGkez//6ixGHIQqfxDN/d3JDm531w9GfGt2lAWTDfZTw/CEl80XsN0raFcnEraR3ldw9g=="],

    "lefthook-darwin-arm64": ["lefthook-darwin-arm64@2.1.0", "", { "os": "darwin", "cpu": "arm64" }, "sha512-u2hjHLQXWSFfzO7ln2n/uEydSzfC9sc5cDC7tvKSuOdhvBwaJ0AQ7ZeuqqCQ4YfVIJfYOom1SVE9CBd10FVyig=="],

    "lefthook-darwin-x64": ["lefthook-darwin-x64@2.1.0", "", { "os": "darwin", "cpu": "x64" }, "sha512-zz5rcyrtOZpxon7uE+c0KC/o2ypJeLZql5CL0Y9oaTuECbmhfokm8glsGnyWstW/++PuMpZYYr/qsCJA5elxkQ=="],

    "lefthook-freebsd-arm64": ["lefthook-freebsd-arm64@2.1.0", "", { "os": "freebsd", "cpu": "arm64" }, "sha512-+mXNCNuFHNGYLrDqYWDeHH7kWCLCJFPpspx5PAAm+PD37PRMZJrTqDbaNK9qCghC1tdmT4/Lvilf/ewXHPlaKw=="],

    "lefthook-freebsd-x64": ["lefthook-freebsd-x64@2.1.0", "", { "os": "freebsd", "cpu": "x64" }, "sha512-+AU2HD7szuDsUdHue/E3OnF84B2ae/h7CGKpuIUHJntgoJ4kxf89oDvq2/xl8kDCn9cT76UUjgeZUgFYLRj+6Q=="],

    "lefthook-linux-arm64": ["lefthook-linux-arm64@2.1.0", "", { "os": "linux", "cpu": "arm64" }, "sha512-KM70eV1tsEib1/tk+3TFxIdH84EaYlIg5KTQWAg+LB1N23nTQ7lL4Dnh1je6f6KW4tf21nmoMUqsh0xvMkQk8Q=="],

    "lefthook-linux-x64": ["lefthook-linux-x64@2.1.0", "", { "os": "linux", "cpu": "x64" }, "sha512-6Bxmv+l7LiYq9W0IE6v2lmlRtBp6pisnlzhcouMGvH3rDwEGw11NAyRJZA3IPGEMAkIuhnlnVTUwAUzKomfJLg=="],

    "lefthook-openbsd-arm64": ["lefthook-openbsd-arm64@2.1.0", "", { "os": "openbsd", "cpu": "arm64" }, "sha512-ppJNK0bBSPLC8gqksRw5zI/0uLeMA5cK+hmZ4ofcuGNmdrN1dfl2Tx84fdeef0NcQY0ii9Y3j3icIKngIoid/g=="],

    "lefthook-openbsd-x64": ["lefthook-openbsd-x64@2.1.0", "", { "os": "openbsd", "cpu": "x64" }, "sha512-8k9lQsMYqQGu4spaQ8RNSOJidxIcOyfaoF2FPZhthtBfRV3cgVFGrsQ0hbIi5pvQRGUlCqYuCN79qauXHmnL3Q=="],

    "lefthook-windows-arm64": ["lefthook-windows-arm64@2.1.0", "", { "os": "win32", "cpu": "arm64" }, "sha512-0WN+grrxt9zP9NGRcztoPXcz25tteem91rfLWgQFab+50csJ47zldlsB7/eOS/eHG5mUg5g5NPR4XefnXtjOcQ=="],

    "lefthook-windows-x64": ["lefthook-windows-x64@2.1.0", "", { "os": "win32", "cpu": "x64" }, "sha512-XbO/5nAZQLpUn0tPpgCYfFBFJHnymSglQ73jD6wymNrR1j8I5EcXGlP6YcLhnZ83yzsdLC+gup+N6IqUeiyRdw=="],

    "lightningcss": ["lightningcss@1.30.2", "", { "dependencies": { "detect-libc": "^2.0.3" }, "optionalDependencies": { "lightningcss-android-arm64": "1.30.2", "lightningcss-darwin-arm64": "1.30.2", "lightningcss-darwin-x64": "1.30.2", "lightningcss-freebsd-x64": "1.30.2", "lightningcss-linux-arm-gnueabihf": "1.30.2", "lightningcss-linux-arm64-gnu": "1.30.2", "lightningcss-linux-arm64-musl": "1.30.2", "lightningcss-linux-x64-gnu": "1.30.2", "lightningcss-linux-x64-musl": "1.30.2", "lightningcss-win32-arm64-msvc": "1.30.2", "lightningcss-win32-x64-msvc": "1.30.2" } }, "sha512-utfs7Pr5uJyyvDETitgsaqSyjCb2qNRAtuqUeWIAKztsOYdcACf2KtARYXg2pSvhkt+9NfoaNY7fxjl6nuMjIQ=="],

    "lightningcss-android-arm64": ["lightningcss-android-arm64@1.30.2", "", { "os": "android", "cpu": "arm64" }, "sha512-BH9sEdOCahSgmkVhBLeU7Hc9DWeZ1Eb6wNS6Da8igvUwAe0sqROHddIlvU06q3WyXVEOYDZ6ykBZQnjTbmo4+A=="],

    "lightningcss-darwin-arm64": ["lightningcss-darwin-arm64@1.30.2", "", { "os": "darwin", "cpu": "arm64" }, "sha512-ylTcDJBN3Hp21TdhRT5zBOIi73P6/W0qwvlFEk22fkdXchtNTOU4Qc37SkzV+EKYxLouZ6M4LG9NfZ1qkhhBWA=="],

    "lightningcss-darwin-x64": ["lightningcss-darwin-x64@1.30.2", "", { "os": "darwin", "cpu": "x64" }, "sha512-oBZgKchomuDYxr7ilwLcyms6BCyLn0z8J0+ZZmfpjwg9fRVZIR5/GMXd7r9RH94iDhld3UmSjBM6nXWM2TfZTQ=="],

    "lightningcss-freebsd-x64": ["lightningcss-freebsd-x64@1.30.2", "", { "os": "freebsd", "cpu": "x64" }, "sha512-c2bH6xTrf4BDpK8MoGG4Bd6zAMZDAXS569UxCAGcA7IKbHNMlhGQ89eRmvpIUGfKWNVdbhSbkQaWhEoMGmGslA=="],

    "lightningcss-linux-arm-gnueabihf": ["lightningcss-linux-arm-gnueabihf@1.30.2", "", { "os": "linux", "cpu": "arm" }, "sha512-eVdpxh4wYcm0PofJIZVuYuLiqBIakQ9uFZmipf6LF/HRj5Bgm0eb3qL/mr1smyXIS1twwOxNWndd8z0E374hiA=="],

    "lightningcss-linux-arm64-gnu": ["lightningcss-linux-arm64-gnu@1.30.2", "", { "os": "linux", "cpu": "arm64" }, "sha512-UK65WJAbwIJbiBFXpxrbTNArtfuznvxAJw4Q2ZGlU8kPeDIWEX1dg3rn2veBVUylA2Ezg89ktszWbaQnxD/e3A=="],

    "lightningcss-linux-arm64-musl": ["lightningcss-linux-arm64-musl@1.30.2", "", { "os": "linux", "cpu": "arm64" }, "sha512-5Vh9dGeblpTxWHpOx8iauV02popZDsCYMPIgiuw97OJ5uaDsL86cnqSFs5LZkG3ghHoX5isLgWzMs+eD1YzrnA=="],

    "lightningcss-linux-x64-gnu": ["lightningcss-linux-x64-gnu@1.30.2", "", { "os": "linux", "cpu": "x64" }, "sha512-Cfd46gdmj1vQ+lR6VRTTadNHu6ALuw2pKR9lYq4FnhvgBc4zWY1EtZcAc6EffShbb1MFrIPfLDXD6Xprbnni4w=="],

    "lightningcss-linux-x64-musl": ["lightningcss-linux-x64-musl@1.30.2", "", { "os": "linux", "cpu": "x64" }, "sha512-XJaLUUFXb6/QG2lGIW6aIk6jKdtjtcffUT0NKvIqhSBY3hh9Ch+1LCeH80dR9q9LBjG3ewbDjnumefsLsP6aiA=="],

    "lightningcss-win32-arm64-msvc": ["lightningcss-win32-arm64-msvc@1.30.2", "", { "os": "win32", "cpu": "arm64" }, "sha512-FZn+vaj7zLv//D/192WFFVA0RgHawIcHqLX9xuWiQt7P0PtdFEVaxgF9rjM/IRYHQXNnk61/H/gb2Ei+kUQ4xQ=="],

    "lightningcss-win32-x64-msvc": ["lightningcss-win32-x64-msvc@1.30.2", "", { "os": "win32", "cpu": "x64" }, "sha512-5g1yc73p+iAkid5phb4oVFMB45417DkRevRbt/El/gKXJk4jid+vPFF/AXbxn05Aky8PapwzZrdJShv5C0avjw=="],

    "lru-cache": ["lru-cache@11.2.5", "", {}, "sha512-vFrFJkWtJvJnD5hg+hJvVE8Lh/TcMzKnTgCWmtBipwI5yLX/iX+5UB2tfuyODF5E7k9xEzMdYgGqaSb1c0c5Yw=="],

    "magic-string": ["magic-string@0.30.21", "", { "dependencies": { "@jridgewell/sourcemap-codec": "^1.5.5" } }, "sha512-vd2F4YUyEXKGcLHoq+TEyCjxueSeHnFxyyjNp80yg0XV4vUhnDer/lvvlqM/arB5bXQN5K2/3oinyCRyx8T2CQ=="],

    "mdast-util-to-hast": ["mdast-util-to-hast@13.2.1", "", { "dependencies": { "@types/hast": "^3.0.0", "@types/mdast": "^4.0.0", "@ungap/structured-clone": "^1.0.0", "devlop": "^1.0.0", "micromark-util-sanitize-uri": "^2.0.0", "trim-lines": "^3.0.0", "unist-util-position": "^5.0.0", "unist-util-visit": "^5.0.0", "vfile": "^6.0.0" } }, "sha512-cctsq2wp5vTsLIcaymblUriiTcZd0CwWtCbLvrOzYCDZoWyMNV8sZ7krj09FSnsiJi3WVsHLM4k6Dq/yaPyCXA=="],

    "micromark-util-character": ["micromark-util-character@2.1.1", "", { "dependencies": { "micromark-util-symbol": "^2.0.0", "micromark-util-types": "^2.0.0" } }, "sha512-wv8tdUTJ3thSFFFJKtpYKOYiGP2+v96Hvk4Tu8KpCAsTMs6yi+nVmGh1syvSCsaxz45J6Jbw+9DD6g97+NV67Q=="],

    "micromark-util-encode": ["micromark-util-encode@2.0.1", "", {}, "sha512-c3cVx2y4KqUnwopcO9b/SCdo2O67LwJJ/UyqGfbigahfegL9myoEFoDYZgkT7f36T0bLrM9hZTAaAyH+PCAXjw=="],

    "micromark-util-sanitize-uri": ["micromark-util-sanitize-uri@2.0.1", "", { "dependencies": { "micromark-util-character": "^2.0.0", "micromark-util-encode": "^2.0.0", "micromark-util-symbol": "^2.0.0" } }, "sha512-9N9IomZ/YuGGZZmQec1MbgxtlgougxTodVwDzzEouPKo3qFWvymFHWcnDi2vzV1ff6kas9ucW+o3yzJK9YB1AQ=="],

    "micromark-util-symbol": ["micromark-util-symbol@2.0.1", "", {}, "sha512-vs5t8Apaud9N28kgCrRUdEed4UJ+wWNvicHLPxCa9ENlYuAY31M0ETy5y1vA33YoNPDFTghEbnh6efaE8h4x0Q=="],

    "micromark-util-types": ["micromark-util-types@2.0.2", "", {}, "sha512-Yw0ECSpJoViF1qTU4DC6NwtC4aWGt1EkzaQB8KPPyCRR8z9TWeV0HbEFGTO+ZY1wB22zmxnJqhPyTpOVCpeHTA=="],

    "minimatch": ["minimatch@10.1.2", "", { "dependencies": { "@isaacs/brace-expansion": "^5.0.1" } }, "sha512-fu656aJ0n2kcXwsnwnv9g24tkU5uSmOlTjd6WyyaKm2Z+h1qmY6bAjrcaIxF/BslFqbZ8UBtbJi7KgQOZD2PTw=="],

    "minipass": ["minipass@7.1.2", "", {}, "sha512-qOOzS1cBTWYF4BH8fVePDBOO9iptMnGUEZwNc/cMWnTV2nVLZ7VoNWEPHkYczZA0pdoA7dl6e7FL659nX9S2aw=="],

    "mri": ["mri@1.2.0", "", {}, "sha512-tzzskb3bG8LvYGFF/mDTpq3jpI6Q9wc3LEmBaghu+DdCssd1FakN7Bc0hVNmEyGq1bq3RgfkCb3cmQLpNPOroA=="],

    "node-addon-api": ["node-addon-api@7.1.1", "", {}, "sha512-5m3bsyrjFWE1xf7nz7YXdN4udnVtXK6/Yfgn5qnahL6bCkf2yKt4k3nuTKAtT4r3IG8JNR2ncsIMdZuAzJjHQQ=="],

    "nypm": ["nypm@0.6.4", "", { "dependencies": { "citty": "^0.2.0", "pathe": "^2.0.3", "tinyexec": "^1.0.2" }, "bin": { "nypm": "dist/cli.mjs" } }, "sha512-1TvCKjZyyklN+JJj2TS3P4uSQEInrM/HkkuSXsEzm1ApPgBffOn8gFguNnZf07r/1X6vlryfIqMUkJKQMzlZiw=="],

    "oniguruma-parser": ["oniguruma-parser@0.12.1", "", {}, "sha512-8Unqkvk1RYc6yq2WBYRj4hdnsAxVze8i7iPfQr8e4uSP3tRv0rpZcbGUDvxfQQcdwHt/e9PrMvGCsa8OqG9X3w=="],

    "oniguruma-to-es": ["oniguruma-to-es@4.3.4", "", { "dependencies": { "oniguruma-parser": "^0.12.1", "regex": "^6.0.1", "regex-recursion": "^6.0.2" } }, "sha512-3VhUGN3w2eYxnTzHn+ikMI+fp/96KoRSVK9/kMTcFqj1NRDh2IhQCKvYxDnWePKRXY/AqH+Fuiyb7VHSzBjHfA=="],

    "oxfmt": ["oxfmt@0.28.0", "", { "dependencies": { "tinypool": "2.1.0" }, "optionalDependencies": { "@oxfmt/darwin-arm64": "0.28.0", "@oxfmt/darwin-x64": "0.28.0", "@oxfmt/linux-arm64-gnu": "0.28.0", "@oxfmt/linux-arm64-musl": "0.28.0", "@oxfmt/linux-x64-gnu": "0.28.0", "@oxfmt/linux-x64-musl": "0.28.0", "@oxfmt/win32-arm64": "0.28.0", "@oxfmt/win32-x64": "0.28.0" }, "bin": { "oxfmt": "bin/oxfmt" } }, "sha512-3+hhBqPE6Kp22KfJmnstrZbl+KdOVSEu1V0ABaFIg1rYLtrMgrupx9znnHgHLqKxAVHebjTdiCJDk30CXOt6cw=="],

    "oxlint": ["oxlint@1.43.0", "", { "optionalDependencies": { "@oxlint/darwin-arm64": "1.43.0", "@oxlint/darwin-x64": "1.43.0", "@oxlint/linux-arm64-gnu": "1.43.0", "@oxlint/linux-arm64-musl": "1.43.0", "@oxlint/linux-x64-gnu": "1.43.0", "@oxlint/linux-x64-musl": "1.43.0", "@oxlint/win32-arm64": "1.43.0", "@oxlint/win32-x64": "1.43.0" }, "peerDependencies": { "oxlint-tsgolint": ">=0.11.2" }, "optionalPeers": ["oxlint-tsgolint"], "bin": { "oxlint": "bin/oxlint" } }, "sha512-xiqTCsKZch+R61DPCjyqUVP2MhkQlRRYxLRBeBDi+dtQJ90MOgdcjIktvDCgXz0bgtx94EQzHEndsizZjMX2OA=="],

    "path-scurry": ["path-scurry@2.0.1", "", { "dependencies": { "lru-cache": "^11.0.0", "minipass": "^7.1.2" } }, "sha512-oWyT4gICAu+kaA7QWk/jvCHWarMKNs6pXOGWKDTr7cw4IGcUbW+PeTfbaQiLGheFRpjo6O9J0PmyMfQPjH71oA=="],

    "pathe": ["pathe@2.0.3", "", {}, "sha512-WUjGcAqP1gQacoQe+OBJsFA7Ld4DyXuUIjZ5cc75cLHvJ7dtNsTugphxIADwspS+AraAUePCKrSVtPLFj/F88w=="],

    "picocolors": ["picocolors@1.1.1", "", {}, "sha512-xceH2snhtb5M9liqDsmEw56le376mTZkEX/jEb/RxNFyegNul7eNslCXP9FDj/Lcu0X8KEyMceP2ntpaHrDEVA=="],

    "picomatch": ["picomatch@4.0.3", "", {}, "sha512-5gTmgEY/sqK6gFXLIsQNH19lWb4ebPDLA4SdLP7dsWkIXHWlG66oPuVvXSGFPppYZz8ZDZq0dYYrbHfBCVUb1Q=="],

    "preact": ["preact@10.28.3", "", {}, "sha512-tCmoRkPQLpBeWzpmbhryairGnhW9tKV6c6gr/w+RhoRoKEJwsjzipwp//1oCpGPOchvSLaAPlpcJi9MwMmoPyA=="],

    "preact-render-to-string": ["preact-render-to-string@6.6.5", "", { "peerDependencies": { "preact": ">=10 || >= 11.0.0-0" } }, "sha512-O6MHzYNIKYaiSX3bOw0gGZfEbOmlIDtDfWwN1JJdc/T3ihzRT6tGGSEWE088dWrEDGa1u7101q+6fzQnO9XCPA=="],

    "property-information": ["property-information@7.1.0", "", {}, "sha512-TwEZ+X+yCJmYfL7TPUOcvBZ4QfoT5YenQiJuX//0th53DE6w0xxLEtfK3iyryQFddXuvkIk51EEgrJQ0WJkOmQ=="],

    "regex": ["regex@6.1.0", "", { "dependencies": { "regex-utilities": "^2.3.0" } }, "sha512-6VwtthbV4o/7+OaAF9I5L5V3llLEsoPyq9P1JVXkedTP33c7MfCG0/5NOPcSJn0TzXcG9YUrR0gQSWioew3LDg=="],

    "regex-recursion": ["regex-recursion@6.0.2", "", { "dependencies": { "regex-utilities": "^2.3.0" } }, "sha512-0YCaSCq2VRIebiaUviZNs0cBz1kg5kVS2UKUfNIx8YVs1cN3AV7NTctO5FOKBA+UT2BPJIWZauYHPqJODG50cg=="],

    "regex-utilities": ["regex-utilities@2.3.0", "", {}, "sha512-8VhliFJAWRaUiVvREIiW2NXXTmHs4vMNnSzuJVhscgmGav3g9VDxLrQndI3dZZVVdp0ZO/5v0xmX516/7M9cng=="],

    "require-directory": ["require-directory@2.1.1", "", {}, "sha512-fGxEI7+wsG9xrvdjsrlmL22OMTTiHRwAMroiEeMgq8gzoLC/PQr7RsRDSTLUg/bZAZtF+TVIkHc6/4RIKrui+Q=="],

    "rxjs": ["rxjs@7.8.2", "", { "dependencies": { "tslib": "^2.1.0" } }, "sha512-dhKf903U/PQZY6boNNtAGdWbG85WAbjT/1xYoZIC7FAY0yWapOBQVsVrDl58W86//e1VpMNBtRV4MaXfdMySFA=="],

    "shell-quote": ["shell-quote@1.8.3", "", {}, "sha512-ObmnIF4hXNg1BqhnHmgbDETF8dLPCggZWBjkQfhZpbszZnYur5DUljTcCHii5LC3J5E0yeO/1LIMyH+UvHQgyw=="],

    "shiki": ["shiki@3.22.0", "", { "dependencies": { "@shikijs/core": "3.22.0", "@shikijs/engine-javascript": "3.22.0", "@shikijs/engine-oniguruma": "3.22.0", "@shikijs/langs": "3.22.0", "@shikijs/themes": "3.22.0", "@shikijs/types": "3.22.0", "@shikijs/vscode-textmate": "^10.0.2", "@types/hast": "^3.0.4" } }, "sha512-LBnhsoYEe0Eou4e1VgJACes+O6S6QC0w71fCSp5Oya79inkwkm15gQ1UF6VtQ8j/taMDh79hAB49WUk8ALQW3g=="],

    "sisteransi": ["sisteransi@1.0.5", "", {}, "sha512-bLGGlR1QxBcynn2d5YmDX4MGjlZvy2MRBDRNHLJ8VI6l6+9FUiyTFNJ0IveOSP0bcXgVDPRcfGqA0pjaqUpfVg=="],

    "source-map-js": ["source-map-js@1.2.1", "", {}, "sha512-UXWMKhLOwVKb728IUtQPXxfYU+usdybtUrK/8uGE8CQMvrhOpwvzDBwj0QhSL7MQc7vIsISBG8VQ8+IDQxpfQA=="],

    "space-separated-tokens": ["space-separated-tokens@2.0.2", "", {}, "sha512-PEGlAwrG8yXGXRjW32fGbg66JAlOAwbObuqVoJpv/mRgoWDQfgH1wDPvtzWyUSNAXBGSk8h755YDbbcEy3SH2Q=="],

    "string-width": ["string-width@4.2.3", "", { "dependencies": { "emoji-regex": "^8.0.0", "is-fullwidth-code-point": "^3.0.0", "strip-ansi": "^6.0.1" } }, "sha512-wKyQRQpjJ0sIp62ErSZdGsjMJWsap5oRNihHhu6G7JVO/9jIB6UyevL+tXuOqrng8j/cxKTWyWUwvSTriiZz/g=="],

    "stringify-entities": ["stringify-entities@4.0.4", "", { "dependencies": { "character-entities-html4": "^2.0.0", "character-entities-legacy": "^3.0.0" } }, "sha512-IwfBptatlO+QCJUo19AqvrPNqlVMpW9YEL2LIVY+Rpv2qsjCGxaDLNRgeGsQWJhfItebuJhsGSLjaBbNSQ+ieg=="],

    "strip-ansi": ["strip-ansi@6.0.1", "", { "dependencies": { "ansi-regex": "^5.0.1" } }, "sha512-Y38VPSHcqkFrCpFnQ9vuSXmquuv5oXOKpGeT6aGrr3o3Gc9AlVa6JBfUSOCnbxGGZF+/0ooI7KrPuUSztUdU5A=="],

    "supports-color": ["supports-color@8.1.1", "", { "dependencies": { "has-flag": "^4.0.0" } }, "sha512-MpUEN2OodtUzxvKQl72cUF7RQ5EiHsGvSsVG0ia9c5RbWGL2CI4C7EpPS8UTBIplnlzZiNuV56w+FuNxy3ty2Q=="],

    "tailwindcss": ["tailwindcss@4.1.18", "", {}, "sha512-4+Z+0yiYyEtUVCScyfHCxOYP06L5Ne+JiHhY2IjR2KWMIWhJOYZKLSGZaP5HkZ8+bY0cxfzwDE5uOmzFXyIwxw=="],

    "tapable": ["tapable@2.3.0", "", {}, "sha512-g9ljZiwki/LfxmQADO3dEY1CbpmXT5Hm2fJ+QaGKwSXUylMybePR7/67YW7jOrrvjEgL1Fmz5kzyAjWVWLlucg=="],

    "tinyexec": ["tinyexec@1.0.2", "", {}, "sha512-W/KYk+NFhkmsYpuHq5JykngiOCnxeVL8v8dFnqxSD8qEEdRfXk1SDM6JzNqcERbcGYj9tMrDQBYV9cjgnunFIg=="],

    "tinypool": ["tinypool@2.1.0", "", {}, "sha512-Pugqs6M0m7Lv1I7FtxN4aoyToKg1C4tu+/381vH35y8oENM/Ai7f7C4StcoK4/+BSw9ebcS8jRiVrORFKCALLw=="],

    "tree-kill": ["tree-kill@1.2.2", "", { "bin": { "tree-kill": "cli.js" } }, "sha512-L0Orpi8qGpRG//Nd+H90vFB+3iHnue1zSSGmNOOCh1GLJ7rUKVwV2HvijphGQS2UmhUZewS9VgvxYIdgr+fG1A=="],

    "trim-lines": ["trim-lines@3.0.1", "", {}, "sha512-kRj8B+YHZCc9kQYdWfJB2/oUl9rA99qbowYYBtr4ui4mZyAQ2JpvVBd/6U2YloATfqBhBTSMhTpgBHtU0Mf3Rg=="],

    "tslib": ["tslib@2.8.1", "", {}, "sha512-oJFu94HQb+KVduSUQL7wnpmqnfmLsOA/nAh6b6EH0wCEoK0/mPeXU6c3wKDV83MkOuHPRHtSXKKU99IBazS/2w=="],

    "typescript": ["typescript@5.9.3", "", { "bin": { "tsc": "bin/tsc", "tsserver": "bin/tsserver" } }, "sha512-jl1vZzPDinLr9eUt3J/t7V6FgNEw9QjvBPdysz9KfQDD41fQrC2Y4vKQdiaUpFT4bXlb1RHhLpp8wtm6M5TgSw=="],

    "ultracite": ["ultracite@7.1.4", "", { "dependencies": { "@clack/prompts": "^1.0.0", "commander": "^14.0.2", "deepmerge": "^4.3.1", "glob": "^13.0.0", "jsonc-parser": "^3.3.1", "nypm": "^0.6.4" }, "peerDependencies": { "oxlint": "^1.0.0" }, "optionalPeers": ["oxlint"], "bin": { "ultracite": "dist/index.js" } }, "sha512-f7Uu7nxirLlTzINKL1L8huvZS1AGhav9V7g9jAfGQJv0qlAZWwZSLfMwVBsZbn0Vf0mWIXX4zvWoJY2APK9oVw=="],

    "undici-types": ["undici-types@7.16.0", "", {}, "sha512-Zz+aZWSj8LE6zoxD+xrjh4VfkIG8Ya6LvYkZqtUQGJPZjYl53ypCaUwWqo7eI0x66KBGeRo+mlBEkMSeSZ38Nw=="],

    "unist-util-is": ["unist-util-is@6.0.1", "", { "dependencies": { "@types/unist": "^3.0.0" } }, "sha512-LsiILbtBETkDz8I9p1dQ0uyRUWuaQzd/cuEeS1hoRSyW5E5XGmTzlwY1OrNzzakGowI9Dr/I8HVaw4hTtnxy8g=="],

    "unist-util-position": ["unist-util-position@5.0.0", "", { "dependencies": { "@types/unist": "^3.0.0" } }, "sha512-fucsC7HjXvkB5R3kTCO7kUjRdrS0BJt3M/FPxmHMBOm8JQi2BsHAHFsy27E0EolP8rp0NzXsJ+jNPyDWvOJZPA=="],

    "unist-util-stringify-position": ["unist-util-stringify-position@4.0.0", "", { "dependencies": { "@types/unist": "^3.0.0" } }, "sha512-0ASV06AAoKCDkS2+xw5RXJywruurpbC4JZSm7nr7MOt1ojAzvyyaO+UxZf18j8FCF6kmzCZKcAgN/yu2gm2XgQ=="],

    "unist-util-visit": ["unist-util-visit@5.1.0", "", { "dependencies": { "@types/unist": "^3.0.0", "unist-util-is": "^6.0.0", "unist-util-visit-parents": "^6.0.0" } }, "sha512-m+vIdyeCOpdr/QeQCu2EzxX/ohgS8KbnPDgFni4dQsfSCtpz8UqDyY5GjRru8PDKuYn7Fq19j1CQ+nJSsGKOzg=="],

    "unist-util-visit-parents": ["unist-util-visit-parents@6.0.2", "", { "dependencies": { "@types/unist": "^3.0.0", "unist-util-is": "^6.0.0" } }, "sha512-goh1s1TBrqSqukSc8wrjwWhL0hiJxgA8m4kFxGlQ+8FYQ3C/m11FcTs4YYem7V664AhHVvgoQLk890Ssdsr2IQ=="],

    "vfile": ["vfile@6.0.3", "", { "dependencies": { "@types/unist": "^3.0.0", "vfile-message": "^4.0.0" } }, "sha512-KzIbH/9tXat2u30jf+smMwFCsno4wHVdNmzFyL+T/L3UGqqk6JKfVqOFOZEpZSHADH1k40ab6NUIXZq422ov3Q=="],

    "vfile-message": ["vfile-message@4.0.3", "", { "dependencies": { "@types/unist": "^3.0.0", "unist-util-stringify-position": "^4.0.0" } }, "sha512-QTHzsGd1EhbZs4AsQ20JX1rC3cOlt/IWJruk893DfLRr57lcnOeMaWG4K0JrRta4mIJZKth2Au3mM3u03/JWKw=="],

    "wrap-ansi": ["wrap-ansi@7.0.0", "", { "dependencies": { "ansi-styles": "^4.0.0", "string-width": "^4.1.0", "strip-ansi": "^6.0.0" } }, "sha512-YVGIj2kamLSTxw6NsZjoBxfSwsn0ycdesmc4p+Q21c5zPuZ1pl+NfxVdxPtdHvmNVOQ6XSYG4AUtyt/Fi7D16Q=="],

    "y18n": ["y18n@5.0.8", "", {}, "sha512-0pfFzegeDWJHJIAmTLRP2DwHjdF5s7jo9tuztdQxAhINCdvS+3nGINqPd00AphqJR/0LhANUS6/+7SCb98YOfA=="],

    "yargs": ["yargs@17.7.2", "", { "dependencies": { "cliui": "^8.0.1", "escalade": "^3.1.1", "get-caller-file": "^2.0.5", "require-directory": "^2.1.1", "string-width": "^4.2.3", "y18n": "^5.0.5", "yargs-parser": "^21.1.1" } }, "sha512-7dSzzRQ++CKnNI/krKnYRV7JKKPUXMEh61soaHKg9mrWEhzFWhFnxPxGl+69cD1Ou63C13NUPCnmIcrvqCuM6w=="],

    "yargs-parser": ["yargs-parser@21.1.1", "", {}, "sha512-tVpsJW7DdjecAiFpbIB1e3qxIQsE6NoPc5/eTdrbbIC4h0LVsWhnoa3g+m2HclBIujHzsxZ4VJVA+GUuc2/LBw=="],

    "zod": ["zod@3.25.76", "", {}, "sha512-gzUt/qt81nXsFGKIFcC3YnfEAx5NkunCfnDlvuBSSFS02bcXu4Lmea0AFIUwbLWxWPx3d9p8S5QoaujKcNQxcQ=="],

    "zwitch": ["zwitch@2.0.4", "", {}, "sha512-bXE4cR/kVZhKZX/RjPEflHaKVhUVl85noU3v6b8apfQEc1x4A+zBxjZ4lN8LqGd6WZ3dl98pY4o717VFmoPp+A=="],

    "@tailwindcss/oxide-wasm32-wasi/@emnapi/core": ["@emnapi/core@1.8.1", "", { "dependencies": { "@emnapi/wasi-threads": "1.1.0", "tslib": "^2.4.0" }, "bundled": true }, "sha512-AvT9QFpxK0Zd8J0jopedNm+w/2fIzvtPKPjqyw9jwvBaReTTqPBk9Hixaz7KbjimP+QNz605/XnjFcDAL2pqBg=="],

    "@tailwindcss/oxide-wasm32-wasi/@emnapi/runtime": ["@emnapi/runtime@1.8.1", "", { "dependencies": { "tslib": "^2.4.0" }, "bundled": true }, "sha512-mehfKSMWjjNol8659Z8KxEMrdSJDDot5SXMq00dM8BN4o+CLNXQ0xH2V7EchNHV4RmbZLmmPdEaXZc5H2FXmDg=="],

    "@tailwindcss/oxide-wasm32-wasi/@emnapi/wasi-threads": ["@emnapi/wasi-threads@1.1.0", "", { "dependencies": { "tslib": "^2.4.0" }, "bundled": true }, "sha512-WI0DdZ8xFSbgMjR1sFsKABJ/C5OnRrjT06JXbZKexJGrDuPTzZdDYfFlsgcCXCyf+suG5QU2e/y1Wo2V/OapLQ=="],

    "@tailwindcss/oxide-wasm32-wasi/@napi-rs/wasm-runtime": ["@napi-rs/wasm-runtime@1.1.1", "", { "dependencies": { "@emnapi/core": "^1.7.1", "@emnapi/runtime": "^1.7.1", "@tybys/wasm-util": "^0.10.1" }, "bundled": true }, "sha512-p64ah1M1ld8xjWv3qbvFwHiFVWrq1yFvV4f7w+mzaqiR4IlSgkqhcRdHwsGgomwzBH51sRY4NEowLxnaBjcW/A=="],

    "@tailwindcss/oxide-wasm32-wasi/@tybys/wasm-util": ["@tybys/wasm-util@0.10.1", "", { "dependencies": { "tslib": "^2.4.0" }, "bundled": true }, "sha512-9tTaPJLSiejZKx+Bmog4uSubteqTvFrVrURwkmHixBo0G4seD0zUxp98E1DzUBJxLQ3NPwXrGKDiVjwx/DpPsg=="],

    "@tailwindcss/oxide-wasm32-wasi/tslib": ["tslib@2.8.1", "", { "bundled": true }, "sha512-oJFu94HQb+KVduSUQL7wnpmqnfmLsOA/nAh6b6EH0wCEoK0/mPeXU6c3wKDV83MkOuHPRHtSXKKU99IBazS/2w=="],

    "chalk/supports-color": ["supports-color@7.2.0", "", { "dependencies": { "has-flag": "^4.0.0" } }, "sha512-qpCAvRl9stuOHveKsn7HncJRvv501qIacKzQlO/+Lwxc9+0q2wLyv4Dfvt80/DPn2pqOBsJdDiogXGR9+OvwRw=="],
  }
}
